{
  "name": "web-features-standardization",
  "lockfileVersion": 3,
  "requires": true,
  "packages": {
    "": {
      "dependencies": {
        "web-features": "^0.5.1",
        "web-specs": "^3.3.1"
      }
    },
    "node_modules/web-features": {
      "version": "0.5.1",
      "resolved": "https://registry.npmjs.org/web-features/-/web-features-0.5.1.tgz",
      "integrity": "sha512-2ZB/vJdyeJod7qUD6gupETkbjyzPkIlyx3InCwLkauJYXVwCaTkM24qenZbTmoFXwSqIOlK4wO7HKv4ZXHmXkg=="
    },
    "node_modules/web-specs": {
      "version": "3.3.1",
      "resolved": "https://registry.npmjs.org/web-specs/-/web-specs-3.3.1.tgz",
      "integrity": "sha512-2tfzaQ4uKjsGvQBgGS+RFlBkAczW5z5J9rzpIvU50baFfn0z9UDz+L12WfL+vxKBsk16IMCb5R6dRei88CXubA=="
    }
  }
}
