{
  "name": "web-features-standardization",
  "lockfileVersion": 3,
  "requires": true,
  "packages": {
    "": {
      "dependencies": {
        "@mdn/browser-compat-data": "8.1.4",
        "web-features": "3.40.1",
        "web-specs": "4.16.0"
      }
    },
    "node_modules/@mdn/browser-compat-data": {
      "version": "8.1.4",
      "resolved": "https://registry.npmjs.org/@mdn/browser-compat-data/-/browser-compat-data-8.1.4.tgz",
      "integrity": "sha512-Cgp3OP3u9x57kT1sZPI115SP5H1IyaBhdDPnvnHRYZ1988kW83wuqcIdcMinLJXlMKOL5Y2cufWHzngh5cVtow==",
      "license": "CC0-1.0"
    },
    "node_modules/web-features": {
      "version": "3.40.1",
      "resolved": "https://registry.npmjs.org/web-features/-/web-features-3.40.1.tgz",
      "integrity": "sha512-HRdUYqZRNawtIEI39iKjk6E6g1yO/bct/8bFcD/O+bNGYsbG475PV80+HTrpkYOiZnoEaVSMu5Q/LTVwnBH5ag==",
      "license": "Apache-2.0"
    },
    "node_modules/web-specs": {
      "version": "4.16.0",
      "resolved": "https://registry.npmjs.org/web-specs/-/web-specs-4.16.0.tgz",
      "integrity": "sha512-jdkY9Q5OOfnYhqAVN4+jS0ByRD7KONptpX0wKG57dmSJjNRsCtxamB+CcfemqxGEf1zI+riNghjkYKwKWDbQGA==",
      "license": "CC0-1.0"
    }
  }
}
